
Microsoft Visual Studio Solution File, Format Version 12.00
# Visual Studio Version 17
VisualStudioVersion = 17.4.33213.308
MinimumVisualStudioVersion = 10.0.40219.1
Project("{9A19103F-16F7-4668-BE54-9A1E7A4F7556}") = "projet", "projet.csproj", "{526FDA95-5E11-47DB-887A-EB120FD443F3}"
EndProject
Global
	GlobalSection(SolutionConfigurationPlatforms) = preSolution
		Debug|Any CPU = Debug|Any CPU
		Release|Any CPU = Release|Any CPU
	EndGlobalSection
	GlobalSection(ProjectConfigurationPlatforms) = postSolution
		{526FDA95-5E11-47DB-887A-EB120FD443F3}.Debug|Any CPU.ActiveCfg = Debug|Any CPU
		{526FDA95-5E11-47DB-887A-EB120FD443F3}.Debug|Any CPU.Build.0 = Debug|Any CPU
		{526FDA95-5E11-47DB-887A-EB120FD443F3}.Release|Any CPU.ActiveCfg = Release|Any CPU
		{526FDA95-5E11-47DB-887A-EB120FD443F3}.Release|Any CPU.Build.0 = Release|Any CPU
	EndGlobalSection
	GlobalSection(SolutionProperties) = preSolution
		HideSolutionNode = FALSE
	EndGlobalSection
	GlobalSection(ExtensibilityGlobals) = postSolution
		SolutionGuid = {C1095BB8-7331-4A43-A357-72A48BA1A162}
	EndGlobalSection
EndGlobal
